
Microsoft Visual Studio Solution File, Format Version 12.00
# Visual Studio Version 17
VisualStudioVersion = 17.4.33122.133
MinimumVisualStudioVersion = 10.0.40219.1
Project("{FAE04EC0-301F-11D3-BF4B-00C04F79EFBC}") = "DovizBank", "DovizBank\DovizBank.csproj", "{9290E7A4-AE37-4D61-9E4B-F94CC7BE6A61}"
EndProject
Global
	GlobalSection(SolutionConfigurationPlatforms) = preSolution
		Debug|Any CPU = Debug|Any CPU
		Release|Any CPU = Release|Any CPU
	EndGlobalSection
	GlobalSection(ProjectConfigurationPlatforms) = postSolution
		{9290E7A4-AE37-4D61-9E4B-F94CC7BE6A61}.Debug|Any CPU.ActiveCfg = Debug|Any CPU
		{9290E7A4-AE37-4D61-9E4B-F94CC7BE6A61}.Debug|Any CPU.Build.0 = Debug|Any CPU
		{9290E7A4-AE37-4D61-9E4B-F94CC7BE6A61}.Release|Any CPU.ActiveCfg = Release|Any CPU
		{9290E7A4-AE37-4D61-9E4B-F94CC7BE6A61}.Release|Any CPU.Build.0 = Release|Any CPU
	EndGlobalSection
	GlobalSection(SolutionProperties) = preSolution
		HideSolutionNode = FALSE
	EndGlobalSection
	GlobalSection(ExtensibilityGlobals) = postSolution
		SolutionGuid = {0221B78D-6197-412D-B4F2-033F1E4BF0EB}
	EndGlobalSection
EndGlobal
